<?xml version="1.0" encoding="utf-8"?>
<Project ToolsVersion="4.0" xmlns="http://schemas.microsoft.com/developer/msbuild/2003">
  <ItemGroup>
    <Filter Include="Scenes">
      <UniqueIdentifier>{0665e371-9f48-452a-b42f-373df829c08c}</UniqueIdentifier>
    </Filter>
    <Filter Include="Scenes\TitleScene">
      <UniqueIdentifier>{8ebdf958-7440-454b-99c7-b1b1ac55c7a4}</UniqueIdentifier>
    </Filter>
    <Filter Include="Scenes\PlayScene">
      <UniqueIdentifier>{32b77251-ab6d-408f-a1d3-84605f894f46}</UniqueIdentifier>
    </Filter>
    <Filter Include="Scenes\GameOverScene">
      <UniqueIdentifier>{0a6f3258-fa2b-48d9-9bfa-af5b3278cc2b}</UniqueIdentifier>
    </Filter>
    <Filter Include="Scenes\ClearScene">
      <UniqueIdentifier>{d0d85556-864c-4d11-8bd1-199f8c1701a9}</UniqueIdentifier>
    </Filter>
    <Filter Include="Scenes\PlayScene\Player">
      <UniqueIdentifier>{3b1d26f8-8507-41fb-8b1d-755ecd859ac1}</UniqueIdentifier>
    </Filter>
    <Filter Include="Scenes\PlayScene\Enemies">
      <UniqueIdentifier>{0cb1a245-ce7b-4ad5-a463-e1b4993606c0}</UniqueIdentifier>
    </Filter>
    <Filter Include="Scenes\PlayScene\Enemies\SpiralEnemy">
      <UniqueIdentifier>{18b6b1cc-ae56-4698-8581-1c1d6841966d}</UniqueIdentifier>
    </Filter>
    <Filter Include="Scenes\PlayScene\Enemies\StraightLineEnemy">
      <UniqueIdentifier>{e7cf9e85-c7f2-466b-b8ba-34530ad8a8ea}</UniqueIdentifier>
    </Filter>
    <Filter Include="Config">
      <UniqueIdentifier>{8a9ba9ea-5ecd-48aa-ba58-f7f3b3e3823f}</UniqueIdentifier>
    </Filter>
    <Filter Include="Engine">
      <UniqueIdentifier>{e5fccdcb-f299-4448-bdb6-01fa28039576}</UniqueIdentifier>
    </Filter>
    <Filter Include="Engine\Collider">
      <UniqueIdentifier>{7f19ecfb-5d70-4d31-a1f7-c9dd14bad324}</UniqueIdentifier>
    </Filter>
    <Filter Include="Engine\DirectX">
      <UniqueIdentifier>{e56f8c9a-95a5-4ceb-b65f-5b8e572d087b}</UniqueIdentifier>
    </Filter>
    <Filter Include="Engine\GameObject">
      <UniqueIdentifier>{b450e438-c939-4b05-b319-0e3c0b4a335c}</UniqueIdentifier>
    </Filter>
    <Filter Include="Engine\ResourceManager">
      <UniqueIdentifier>{bedee914-5063-4c08-95bb-79c861b4969c}</UniqueIdentifier>
    </Filter>
    <Filter Include="Shader">
      <UniqueIdentifier>{47a6a3f5-8cfd-436b-8d58-beccd108f3f3}</UniqueIdentifier>
      <Extensions>hlsl</Extensions>
    </Filter>
  </ItemGroup>
  <ItemGroup>
    <ClCompile Include="Engine\BoxCollider.cpp">
      <Filter>Engine\Collider</Filter>
    </ClCompile>
    <ClCompile Include="Engine\Collider.cpp">
      <Filter>Engine\Collider</Filter>
    </ClCompile>
    <ClCompile Include="Engine\SphereCollider.cpp">
      <Filter>Engine\Collider</Filter>
    </ClCompile>
    <ClCompile Include="Engine\Direct3D.cpp">
      <Filter>Engine\DirectX</Filter>
    </ClCompile>
    <ClCompile Include="Engine\Fbx.cpp">
      <Filter>Engine\DirectX</Filter>
    </ClCompile>
    <ClCompile Include="Engine\FbxParts.cpp">
      <Filter>Engine\DirectX</Filter>
    </ClCompile>
    <ClCompile Include="Engine\Input.cpp">
      <Filter>Engine\DirectX</Filter>
    </ClCompile>
    <ClCompile Include="Engine\Sprite.cpp">
      <Filter>Engine\DirectX</Filter>
    </ClCompile>
    <ClCompile Include="Engine\Camera.cpp">
      <Filter>Engine\GameObject</Filter>
    </ClCompile>
    <ClCompile Include="Engine\GameObject.cpp">
      <Filter>Engine\GameObject</Filter>
    </ClCompile>
    <ClCompile Include="Engine\RootObject.cpp">
      <Filter>Engine\GameObject</Filter>
    </ClCompile>
    <ClCompile Include="Engine\CsvReader.cpp">
      <Filter>Engine\ResourceManager</Filter>
    </ClCompile>
    <ClCompile Include="Engine\Image.cpp">
      <Filter>Engine\ResourceManager</Filter>
    </ClCompile>
    <ClCompile Include="Engine\Model.cpp">
      <Filter>Engine\ResourceManager</Filter>
    </ClCompile>
    <ClCompile Include="Engine\Main.cpp">
      <Filter>Engine</Filter>
    </ClCompile>
    <ClCompile Include="Engine\SceneManager.cpp">
      <Filter>Engine</Filter>
    </ClCompile>
    <ClCompile Include="Engine\Texture.cpp">
      <Filter>Engine\DirectX</Filter>
    </ClCompile>
    <ClCompile Include="Engine\Transform.cpp">
      <Filter>Engine\GameObject</Filter>
    </ClCompile>
    <ClCompile Include="TestScene.cpp" />
    <ClCompile Include="Engine\Audio.cpp">
      <Filter>Engine\ResourceManager</Filter>
    </ClCompile>
    <ClCompile Include="Engine\Text.cpp">
      <Filter>Engine\ResourceManager</Filter>
    </ClCompile>
    <ClCompile Include="Engine\Debug.cpp">
      <Filter>Engine\ResourceManager</Filter>
    </ClCompile>
    <ClCompile Include="Engine\BillBoard.cpp">
      <Filter>Engine\DirectX</Filter>
    </ClCompile>
    <ClCompile Include="Engine\VFX.cpp">
      <Filter>Engine\ResourceManager</Filter>
    </ClCompile>
    <ClCompile Include="Engine\Time.cpp">
      <Filter>Engine\ResourceManager</Filter>
    </ClCompile>
    <ClCompile Include="GameSetting.h" />
    <ClCompile Include="Scenes\TitleScene\TitleScene.cpp">
      <Filter>Scenes\TitleScene</Filter>
    </ClCompile>
    <ClCompile Include="Scenes\PlayScene\PlayScene.cpp">
      <Filter>Scenes\PlayScene</Filter>
    </ClCompile>
    <ClCompile Include="Scenes\GameOverScene\GameOverScene.cpp">
      <Filter>Scenes\GameOverScene</Filter>
    </ClCompile>
    <ClCompile Include="Scenes\ClearScene\ClearScene.cpp">
      <Filter>Scenes\ClearScene</Filter>
    </ClCompile>
    <ClCompile Include="Scenes\PlayScene\Player\HpBar.cpp">
      <Filter>Scenes\PlayScene\Player</Filter>
    </ClCompile>
    <ClCompile Include="Scenes\PlayScene\Player\Player.cpp">
      <Filter>Scenes\PlayScene\Player</Filter>
    </ClCompile>
    <ClCompile Include="Scenes\PlayScene\Enemy\SpiralEnemy\SpiralEnemy.cpp">
      <Filter>Scenes\PlayScene\Enemies\SpiralEnemy</Filter>
    </ClCompile>
    <ClCompile Include="Scenes\PlayScene\Enemy\StraightLineEnemy\StraightLineEnemy.cpp">
      <Filter>Scenes\PlayScene\Enemies\StraightLineEnemy</Filter>
    </ClCompile>
    <ClCompile Include="Scenes\PlayScene\Player\SpaceShuttle.cpp">
      <Filter>Scenes\PlayScene\Player</Filter>
    </ClCompile>
  </ItemGroup>
  <ItemGroup>
    <ClInclude Include="Engine\BoxCollider.h">
      <Filter>Engine\Collider</Filter>
    </ClInclude>
    <ClInclude Include="Engine\Collider.h">
      <Filter>Engine\Collider</Filter>
    </ClInclude>
    <ClInclude Include="Engine\SphereCollider.h">
      <Filter>Engine\Collider</Filter>
    </ClInclude>
    <ClInclude Include="Engine\Direct3D.h">
      <Filter>Engine\DirectX</Filter>
    </ClInclude>
    <ClInclude Include="Engine\Fbx.h">
      <Filter>Engine\DirectX</Filter>
    </ClInclude>
    <ClInclude Include="Engine\FbxParts.h">
      <Filter>Engine\DirectX</Filter>
    </ClInclude>
    <ClInclude Include="Engine\Input.h">
      <Filter>Engine\DirectX</Filter>
    </ClInclude>
    <ClInclude Include="Engine\Sprite.h">
      <Filter>Engine\DirectX</Filter>
    </ClInclude>
    <ClInclude Include="Engine\Camera.h">
      <Filter>Engine\GameObject</Filter>
    </ClInclude>
    <ClInclude Include="Engine\GameObject.h">
      <Filter>Engine\GameObject</Filter>
    </ClInclude>
    <ClInclude Include="Engine\RootObject.h">
      <Filter>Engine\GameObject</Filter>
    </ClInclude>
    <ClInclude Include="Engine\CsvReader.h">
      <Filter>Engine\ResourceManager</Filter>
    </ClInclude>
    <ClInclude Include="Engine\Image.h">
      <Filter>Engine\ResourceManager</Filter>
    </ClInclude>
    <ClInclude Include="Engine\Model.h">
      <Filter>Engine\ResourceManager</Filter>
    </ClInclude>
    <ClInclude Include="Engine\Global.h">
      <Filter>Engine</Filter>
    </ClInclude>
    <ClInclude Include="Engine\SceneManager.h">
      <Filter>Engine</Filter>
    </ClInclude>
    <ClInclude Include="Engine\Texture.h">
      <Filter>Engine\DirectX</Filter>
    </ClInclude>
    <ClInclude Include="Engine\Transform.h">
      <Filter>Engine\GameObject</Filter>
    </ClInclude>
    <ClInclude Include="TestScene.h" />
    <ClInclude Include="Engine\Audio.h">
      <Filter>Engine\ResourceManager</Filter>
    </ClInclude>
    <ClInclude Include="Engine\Text.h">
      <Filter>Engine\ResourceManager</Filter>
    </ClInclude>
    <ClInclude Include="Engine\Debug.h">
      <Filter>Engine\ResourceManager</Filter>
    </ClInclude>
    <ClInclude Include="Engine\BillBoard.h">
      <Filter>Engine\DirectX</Filter>
    </ClInclude>
    <ClInclude Include="Engine\VFX.h">
      <Filter>Engine\ResourceManager</Filter>
    </ClInclude>
    <ClInclude Include="Engine\Time.h">
      <Filter>Engine\ResourceManager</Filter>
    </ClInclude>
    <ClInclude Include="Scenes\TitleScene\TitleScene.h">
      <Filter>Scenes\TitleScene</Filter>
    </ClInclude>
    <ClInclude Include="Scenes\PlayScene\PlayScene.h">
      <Filter>Scenes\PlayScene</Filter>
    </ClInclude>
    <ClInclude Include="Scenes\GameOverScene\GameOverScene.h">
      <Filter>Scenes\GameOverScene</Filter>
    </ClInclude>
    <ClInclude Include="Scenes\ClearScene\ClearScene.h">
      <Filter>Scenes\ClearScene</Filter>
    </ClInclude>
    <ClInclude Include="Scenes\PlayScene\Player\HpBar.h">
      <Filter>Scenes\PlayScene\Player</Filter>
    </ClInclude>
    <ClInclude Include="Scenes\PlayScene\Player\Player.h">
      <Filter>Scenes\PlayScene\Player</Filter>
    </ClInclude>
    <ClInclude Include="Scenes\PlayScene\Enemy\SpiralEnemy\SpiralEnemy.h">
      <Filter>Scenes\PlayScene\Enemies\SpiralEnemy</Filter>
    </ClInclude>
    <ClInclude Include="Scenes\PlayScene\Enemy\StraightLineEnemy\StraightLineEnemy.h">
      <Filter>Scenes\PlayScene\Enemies\StraightLineEnemy</Filter>
    </ClInclude>
    <ClInclude Include="Scenes\PlayScene\Player\SpaceShuttle.h">
      <Filter>Scenes\PlayScene\Player</Filter>
    </ClInclude>
  </ItemGroup>
  <ItemGroup>
    <FxCompile Include="Assets\Shader\Simple2D.hlsl">
      <Filter>Shader</Filter>
    </FxCompile>
    <FxCompile Include="Assets\Shader\Simple3D.hlsl">
      <Filter>Shader</Filter>
    </FxCompile>
    <FxCompile Include="Assets\Shader\Debug3D.hlsl">
      <Filter>Shader</Filter>
    </FxCompile>
    <FxCompile Include="Assets\Shader\BillBoard.hlsl">
      <Filter>Shader</Filter>
    </FxCompile>
  </ItemGroup>
</Project>